// !$*UTF8*$!
{
	archiveVersion = 1;
	classes = {
	};
	objectVersion = 46;
	objects = {

/* Begin PBXBuildFile section */
		A683624A3CD3DBB5A8916192 /* libPods-Lesson Cocoapods.a in Frameworks */ = {isa = PBXBuildFile; fileRef = 5287F79BFC4755D34A09F065 /* libPods-Lesson Cocoapods.a */; };
		BA731D851E2A654D0081C018 /* main.m in Sources */ = {isa = PBXBuildFile; fileRef = BA731D841E2A654D0081C018 /* main.m */; };
		BA731D881E2A654D0081C018 /* AppDelegate.m in Sources */ = {isa = PBXBuildFile; fileRef = BA731D871E2A654D0081C018 /* AppDelegate.m */; };
		BA731D8B1E2A654D0081C018 /* ViewController.m in Sources */ = {isa = PBXBuildFile; fileRef = BA731D8A1E2A654D0081C018 /* ViewController.m */; };
		BA731D8E1E2A654D0081C018 /* Main.storyboard in Resources */ = {isa = PBXBuildFile; fileRef = BA731D8C1E2A654D0081C018 /* Main.storyboard */; };
		BA731D901E2A654D0081C018 /* Assets.xcassets in Resources */ = {isa = PBXBuildFile; fileRef = BA731D8F1E2A654D0081C018 /* Assets.xcassets */; };
		BA731D931E2A654D0081C018 /* LaunchScreen.storyboard in Resources */ = {isa = PBXBuildFile; fileRef = BA731D911E2A654D0081C018 /* LaunchScreen.storyboard */; };
		BA731D9E1E2A654D0081C018 /* Lesson_CocoapodsTests.m in Sources */ = {isa = PBXBuildFile; fileRef = BA731D9D1E2A654D0081C018 /* Lesson_CocoapodsTests.m */; };
		BA731DA91E2A654D0081C018 /* Lesson_CocoapodsUITests.m in Sources */ = {isa = PBXBuildFile; fileRef = BA731DA81E2A654D0081C018 /* Lesson_CocoapodsUITests.m */; };
/* End PBXBuildFile section */

/* Begin PBXContainerItemProxy section */
		BA731D9A1E2A654D0081C018 /* PBXContainerItemProxy */ = {
			isa = PBXContainerItemProxy;
			containerPortal = BA731D781E2A654D0081C018 /* Project object */;
			proxyType = 1;
			remoteGlobalIDString = BA731D7F1E2A654D0081C018;
			remoteInfo = "Lesson Cocoapods";
		};
		BA731DA51E2A654D0081C018 /* PBXContainerItemProxy */ = {
			isa = PBXContainerItemProxy;
			containerPortal = BA731D781E2A654D0081C018 /* Project object */;
			proxyType = 1;
			remoteGlobalIDString = BA731D7F1E2A654D0081C018;
			remoteInfo = "Lesson Cocoapods";
		};
/* End PBXContainerItemProxy section */

/* Begin PBXFileReference section */
		291A44B06CE8A1ADDD54669F /* Pods-Lesson Cocoapods.release.xcconfig */ = {isa = PBXFileReference; includeInIndex = 1; lastKnownFileType = text.xcconfig; name = "Pods-Lesson Cocoapods.release.xcconfig"; path = "Pods/Target Support Files/Pods-Lesson Cocoapods/Pods-Lesson Cocoapods.release.xcconfig"; sourceTree = "<group>"; };
		5287F79BFC4755D34A09F065 /* libPods-Lesson Cocoapods.a */ = {isa = PBXFileReference; explicitFileType = archive.ar; includeInIndex = 0; path = "libPods-Lesson Cocoapods.a"; sourceTree = BUILT_PRODUCTS_DIR; };
		7860A423BB0E56B76887634E /* Pods-Lesson Cocoapods.debug.xcconfig */ = {isa = PBXFileReference; includeInIndex = 1; lastKnownFileType = text.xcconfig; name = "Pods-Lesson Cocoapods.debug.xcconfig"; path = "Pods/Target Support Files/Pods-Lesson Cocoapods/Pods-Lesson Cocoapods.debug.xcconfig"; sourceTree = "<group>"; };
		BA731D801E2A654D0081C018 /* Lesson Cocoapods.app */ = {isa = PBXFileReference; explicitFileType = wrapper.application; includeInIndex = 0; path = "Lesson Cocoapods.app"; sourceTree = BUILT_PRODUCTS_DIR; };
		BA731D841E2A654D0081C018 /* main.m */ = {isa = PBXFileReference; lastKnownFileType = sourcecode.c.objc; path = main.m; sourceTree = "<group>"; };
		BA731D861E2A654D0081C018 /* AppDelegate.h */ = {isa = PBXFileReference; lastKnownFileType = sourcecode.c.h; path = AppDelegate.h; sourceTree = "<group>"; };
		BA731D871E2A654D0081C018 /* AppDelegate.m */ = {isa = PBXFileReference; lastKnownFileType = sourcecode.c.objc; path = AppDelegate.m; sourceTree = "<group>"; };
		BA731D891E2A654D0081C018 /* ViewController.h */ = {isa = PBXFileReference; lastKnownFileType = sourcecode.c.h; path = ViewController.h; sourceTree = "<group>"; };
		BA731D8A1E2A654D0081C018 /* ViewController.m */ = {isa = PBXFileReference; lastKnownFileType = sourcecode.c.objc; path = ViewController.m; sourceTree = "<group>"; };
		BA731D8D1E2A654D0081C018 /* Base */ = {isa = PBXFileReference; lastKnownFileType = file.storyboard; name = Base; path = Base.lproj/Main.storyboard; sourceTree = "<group>"; };
		BA731D8F1E2A654D0081C018 /* Assets.xcassets */ = {isa = PBXFileReference; lastKnownFileType = folder.assetcatalog; path = Assets.xcassets; sourceTree = "<group>"; };
		BA731D921E2A654D0081C018 /* Base */ = {isa = PBXFileReference; lastKnownFileType = file.storyboard; name = Base; path = Base.lproj/LaunchScreen.storyboard; sourceTree = "<group>"; };
		BA731D941E2A654D0081C018 /* Info.plist */ = {isa = PBXFileReference; lastKnownFileType = text.plist.xml; path = Info.plist; sourceTree = "<group>"; };
		BA731D991E2A654D0081C018 /* Lesson CocoapodsTests.xctest */ = {isa = PBXFileReference; explicitFileType = wrapper.cfbundle; includeInIndex = 0; path = "Lesson CocoapodsTests.xctest"; sourceTree = BUILT_PRODUCTS_DIR; };
		BA731D9D1E2A654D0081C018 /* Lesson_CocoapodsTests.m */ = {isa = PBXFileReference; lastKnownFileType = sourcecode.c.objc; path = Lesson_CocoapodsTests.m; sourceTree = "<group>"; };
		BA731D9F1E2A654D0081C018 /* Info.plist */ = {isa = PBXFileReference; lastKnownFileType = text.plist.xml; path = Info.plist; sourceTree = "<group>"; };
		BA731DA41E2A654D0081C018 /* Lesson CocoapodsUITests.xctest */ = {isa = PBXFileReference; explicitFileType = wrapper.cfbundle; includeInIndex = 0; path = "Lesson CocoapodsUITests.xctest"; sourceTree = BUILT_PRODUCTS_DIR; };
		BA731DA81E2A654D0081C018 /* Lesson_CocoapodsUITests.m */ = {isa = PBXFileReference; lastKnownFileType = sourcecode.c.objc; path = Lesson_CocoapodsUITests.m; sourceTree = "<group>"; };
		BA731DAA1E2A654D0081C018 /* Info.plist */ = {isa = PBXFileReference; lastKnownFileType = text.plist.xml; path = Info.plist; sourceTree = "<group>"; };
/* End PBXFileReference section */

/* Begin PBXFrameworksBuildPhase section */
		BA731D7D1E2A654D0081C018 /* Frameworks */ = {
			isa = PBXFrameworksBuildPhase;
			buildActionMask = 2147483647;
			files = (
				A683624A3CD3DBB5A8916192 /* libPods-Lesson Cocoapods.a in Frameworks */,
			);
			runOnlyForDeploymentPostprocessing = 0;
		};
		BA731D961E2A654D0081C018 /* Frameworks */ = {
			isa = PBXFrameworksBuildPhase;
			buildActionMask = 2147483647;
			files = (
			);
			runOnlyForDeploymentPostprocessing = 0;
		};
		BA731DA11E2A654D0081C018 /* Frameworks */ = {
			isa = PBXFrameworksBuildPhase;
			buildActionMask = 2147483647;
			files = (
			);
			runOnlyForDeploymentPostprocessing = 0;
		};
/* End PBXFrameworksBuildPhase section */

/* Begin PBXGroup section */
		4266BEC0AE7E178C94C52DD3 /* Frameworks */ = {
			isa = PBXGroup;
			children = (
				5287F79BFC4755D34A09F065 /* libPods-Lesson Cocoapods.a */,
			);
			name = Frameworks;
			sourceTree = "<group>";
		};
		6DF2747C5D54F825DCC66FD4 /* Pods */ = {
			isa = PBXGroup;
			children = (
				7860A423BB0E56B76887634E /* Pods-Lesson Cocoapods.debug.xcconfig */,
				291A44B06CE8A1ADDD54669F /* Pods-Lesson Cocoapods.release.xcconfig */,
			);
			name = Pods;
			sourceTree = "<group>";
		};
		BA731D771E2A654D0081C018 = {
			isa = PBXGroup;
			children = (
				BA731D821E2A654D0081C018 /* Lesson Cocoapods */,
				BA731D9C1E2A654D0081C018 /* Lesson CocoapodsTests */,
				BA731DA71E2A654D0081C018 /* Lesson CocoapodsUITests */,
				BA731D811E2A654D0081C018 /* Products */,
				6DF2747C5D54F825DCC66FD4 /* Pods */,
				4266BEC0AE7E178C94C52DD3 /* Frameworks */,
			);
			sourceTree = "<group>";
		};
		BA731D811E2A654D0081C018 /* Products */ = {
			isa = PBXGroup;
			children = (
				BA731D801E2A654D0081C018 /* Lesson Cocoapods.app */,
				BA731D991E2A654D0081C018 /* Lesson CocoapodsTests.xctest */,
				BA731DA41E2A654D0081C018 /* Lesson CocoapodsUITests.xctest */,
			);
			name = Products;
			sourceTree = "<group>";
		};
		BA731D821E2A654D0081C018 /* Lesson Cocoapods */ = {
			isa = PBXGroup;
			children = (
				BA731D861E2A654D0081C018 /* AppDelegate.h */,
				BA731D871E2A654D0081C018 /* AppDelegate.m */,
				BA731D891E2A654D0081C018 /* ViewController.h */,
				BA731D8A1E2A654D0081C018 /* ViewController.m */,
				BA731D8C1E2A654D0081C018 /* Main.storyboard */,
				BA731D8F1E2A654D0081C018 /* Assets.xcassets */,
				BA731D911E2A654D0081C018 /* LaunchScreen.storyboard */,
				BA731D941E2A654D0081C018 /* Info.plist */,
				BA731D831E2A654D0081C018 /* Supporting Files */,
			);
			path = "Lesson Cocoapods";
			sourceTree = "<group>";
		};
		BA731D831E2A654D0081C018 /* Supporting Files */ = {
			isa = PBXGroup;
			children = (
				BA731D841E2A654D0081C018 /* main.m */,
			);
			name = "Supporting Files";
			sourceTree = "<group>";
		};
		BA731D9C1E2A654D0081C018 /* Lesson CocoapodsTests */ = {
			isa = PBXGroup;
			children = (
				BA731D9D1E2A654D0081C018 /* Lesson_CocoapodsTests.m */,
				BA731D9F1E2A654D0081C018 /* Info.plist */,
			);
			path = "Lesson CocoapodsTests";
			sourceTree = "<group>";
		};
		BA731DA71E2A654D0081C018 /* Lesson CocoapodsUITests */ = {
			isa = PBXGroup;
			children = (
				BA731DA81E2A654D0081C018 /* Lesson_CocoapodsUITests.m */,
				BA731DAA1E2A654D0081C018 /* Info.plist */,
			);
			path = "Lesson CocoapodsUITests";
			sourceTree = "<group>";
		};
/* End PBXGroup section */

/* Begin PBXNativeTarget section */
		BA731D7F1E2A654D0081C018 /* Lesson Cocoapods */ = {
			isa = PBXNativeTarget;
			buildConfigurationList = BA731DAD1E2A654D0081C018 /* Build configuration list for PBXNativeTarget "Lesson Cocoapods" */;
			buildPhases = (
				4D9E710D239B450715E94A56 /* [CP] Check Pods Manifest.lock */,
				BA731D7C1E2A654D0081C018 /* Sources */,
				BA731D7D1E2A654D0081C018 /* Frameworks */,
				BA731D7E1E2A654D0081C018 /* Resources */,
				7A7E216FDC98EDBBFD8C7E1B /* [CP] Embed Pods Frameworks */,
				50B12BF54722157C71428CCA /* [CP] Copy Pods Resources */,
			);
			buildRules = (
			);
			dependencies = (
			);
			name = "Lesson Cocoapods";
			productName = "Lesson Cocoapods";
			productReference = BA731D801E2A654D0081C018 /* Lesson Cocoapods.app */;
			productType = "com.apple.product-type.application";
		};
		BA731D981E2A654D0081C018 /* Lesson CocoapodsTests */ = {
			isa = PBXNativeTarget;
			buildConfigurationList = BA731DB01E2A654D0081C018 /* Build configuration list for PBXNativeTarget "Lesson CocoapodsTests" */;
			buildPhases = (
				BA731D951E2A654D0081C018 /* Sources */,
				BA731D961E2A654D0081C018 /* Frameworks */,
				BA731D971E2A654D0081C018 /* Resources */,
			);
			buildRules = (
			);
			dependencies = (
				BA731D9B1E2A654D0081C018 /* PBXTargetDependency */,
			);
			name = "Lesson CocoapodsTests";
			productName = "Lesson CocoapodsTests";
			productReference = BA731D991E2A654D0081C018 /* Lesson CocoapodsTests.xctest */;
			productType = "com.apple.product-type.bundle.unit-test";
		};
		BA731DA31E2A654D0081C018 /* Lesson CocoapodsUITests */ = {
			isa = PBXNativeTarget;
			buildConfigurationList = BA731DB31E2A654D0081C018 /* Build configuration list for PBXNativeTarget "Lesson CocoapodsUITests" */;
			buildPhases = (
				BA731DA01E2A654D0081C018 /* Sources */,
				BA731DA11E2A654D0081C018 /* Frameworks */,
				BA731DA21E2A654D0081C018 /* Resources */,
			);
			buildRules = (
			);
			dependencies = (
				BA731DA61E2A654D0081C018 /* PBXTargetDependency */,
			);
			name = "Lesson CocoapodsUITests";
			productName = "Lesson CocoapodsUITests";
			productReference = BA731DA41E2A654D0081C018 /* Lesson CocoapodsUITests.xctest */;
			productType = "com.apple.product-type.bundle.ui-testing";
		};
/* End PBXNativeTarget section */

/* Begin PBXProject section */
		BA731D781E2A654D0081C018 /* Project object */ = {
			isa = PBXProject;
			attributes = {
				LastUpgradeCheck = 0820;
				ORGANIZATIONNAME = IT;
				TargetAttributes = {
					BA731D7F1E2A654D0081C018 = {
						CreatedOnToolsVersion = 8.2.1;
						DevelopmentTeam = 5W5GK95Q25;
						ProvisioningStyle = Automatic;
					};
					BA731D981E2A654D0081C018 = {
						CreatedOnToolsVersion = 8.2.1;
						DevelopmentTeam = 5W5GK95Q25;
						ProvisioningStyle = Automatic;
						TestTargetID = BA731D7F1E2A654D0081C018;
					};
					BA731DA31E2A654D0081C018 = {
						CreatedOnToolsVersion = 8.2.1;
						DevelopmentTeam = 5W5GK95Q25;
						ProvisioningStyle = Automatic;
						TestTargetID = BA731D7F1E2A654D0081C018;
					};
				};
			};
			buildConfigurationList = BA731D7B1E2A654D0081C018 /* Build configuration list for PBXProject "Lesson Cocoapods" */;
			compatibilityVersion = "Xcode 3.2";
			developmentRegion = English;
			hasScannedForEncodings = 0;
			knownRegions = (
				en,
				Base,
			);
			mainGroup = BA731D771E2A654D0081C018;
			productRefGroup = BA731D811E2A654D0081C018 /* Products */;
			projectDirPath = "";
			projectRoot = "";
			targets = (
				BA731D7F1E2A654D0081C018 /* Lesson Cocoapods */,
				BA731D981E2A654D0081C018 /* Lesson CocoapodsTests */,
				BA731DA31E2A654D0081C018 /* Lesson CocoapodsUITests */,
			);
		};
/* End PBXProject section */

/* Begin PBXResourcesBuildPhase section */
		BA731D7E1E2A654D0081C018 /* Resources */ = {
			isa = PBXResourcesBuildPhase;
			buildActionMask = 2147483647;
			files = (
				BA731D931E2A654D0081C018 /* LaunchScreen.storyboard in Resources */,
				BA731D901E2A654D0081C018 /* Assets.xcassets in Resources */,
				BA731D8E1E2A654D0081C018 /* Main.storyboard in Resources */,
			);
			runOnlyForDeploymentPostprocessing = 0;
		};
		BA731D971E2A654D0081C018 /* Resources */ = {
			isa = PBXResourcesBuildPhase;
			buildActionMask = 2147483647;
			files = (
			);
			runOnlyForDeploymentPostprocessing = 0;
		};
		BA731DA21E2A654D0081C018 /* Resources */ = {
			isa = PBXResourcesBuildPhase;
			buildActionMask = 2147483647;
			files = (
			);
			runOnlyForDeploymentPostprocessing = 0;
		};
/* End PBXResourcesBuildPhase section */

/* Begin PBXShellScriptBuildPhase section */
		4D9E710D239B450715E94A56 /* [CP] Check Pods Manifest.lock */ = {
			isa = PBXShellScriptBuildPhase;
			buildActionMask = 2147483647;
			files = (
			);
			inputPaths = (
			);
			name = "[CP] Check Pods Manifest.lock";
			outputPaths = (
			);
			runOnlyForDeploymentPostprocessing = 0;
			shellPath = /bin/sh;
			shellScript = "diff \"${PODS_ROOT}/../Podfile.lock\" \"${PODS_ROOT}/Manifest.lock\" > /dev/null\nif [ $? != 0 ] ; then\n    # print error to STDERR\n    echo \"error: The sandbox is not in sync with the Podfile.lock. Run 'pod install' or update your CocoaPods installation.\" >&2\n    exit 1\nfi\n";
			showEnvVarsInLog = 0;
		};
		50B12BF54722157C71428CCA /* [CP] Copy Pods Resources */ = {
			isa = PBXShellScriptBuildPhase;
			buildActionMask = 2147483647;
			files = (
			);
			inputPaths = (
			);
			name = "[CP] Copy Pods Resources";
			outputPaths = (
			);
			runOnlyForDeploymentPostprocessing = 0;
			shellPath = /bin/sh;
			shellScript = "\"${SRCROOT}/Pods/Target Support Files/Pods-Lesson Cocoapods/Pods-Lesson Cocoapods-resources.sh\"\n";
			showEnvVarsInLog = 0;
		};
		7A7E216FDC98EDBBFD8C7E1B /* [CP] Embed Pods Frameworks */ = {
			isa = PBXShellScriptBuildPhase;
			buildActionMask = 2147483647;
			files = (
			);
			inputPaths = (
			);
			name = "[CP] Embed Pods Frameworks";
			outputPaths = (
			);
			runOnlyForDeploymentPostprocessing = 0;
			shellPath = /bin/sh;
			shellScript = "\"${SRCROOT}/Pods/Target Support Files/Pods-Lesson Cocoapods/Pods-Lesson Cocoapods-frameworks.sh\"\n";
			showEnvVarsInLog = 0;
		};
/* End PBXShellScriptBuildPhase section */

/* Begin PBXSourcesBuildPhase section */
		BA731D7C1E2A654D0081C018 /* Sources */ = {
			isa = PBXSourcesBuildPhase;
			buildActionMask = 2147483647;
			files = (
				BA731D8B1E2A654D0081C018 /* ViewController.m in Sources */,
				BA731D881E2A654D0081C018 /* AppDelegate.m in Sources */,
				BA731D851E2A654D0081C018 /* main.m in Sources */,
			);
			runOnlyForDeploymentPostprocessing = 0;
		};
		BA731D951E2A654D0081C018 /* Sources */ = {
			isa = PBXSourcesBuildPhase;
			buildActionMask = 2147483647;
			files = (
				BA731D9E1E2A654D0081C018 /* Lesson_CocoapodsTests.m in Sources */,
			);
			runOnlyForDeploymentPostprocessing = 0;
		};
		BA731DA01E2A654D0081C018 /* Sources */ = {
			isa = PBXSourcesBuildPhase;
			buildActionMask = 2147483647;
			files = (
				BA731DA91E2A654D0081C018 /* Lesson_CocoapodsUITests.m in Sources */,
			);
			runOnlyForDeploymentPostprocessing = 0;
		};
/* End PBXSourcesBuildPhase section */

/* Begin PBXTargetDependency section */
		BA731D9B1E2A654D0081C018 /* PBXTargetDependency */ = {
			isa = PBXTargetDependency;
			target = BA731D7F1E2A654D0081C018 /* Lesson Cocoapods */;
			targetProxy = BA731D9A1E2A654D0081C018 /* PBXContainerItemProxy */;
		};
		BA731DA61E2A654D0081C018 /* PBXTargetDependency */ = {
			isa = PBXTargetDependency;
			target = BA731D7F1E2A654D0081C018 /* Lesson Cocoapods */;
			targetProxy = BA731DA51E2A654D0081C018 /* PBXContainerItemProxy */;
		};
/* End PBXTargetDependency section */

/* Begin PBXVariantGroup section */
		BA731D8C1E2A654D0081C018 /* Main.storyboard */ = {
			isa = PBXVariantGroup;
			children = (
				BA731D8D1E2A654D0081C018 /* Base */,
			);
			name = Main.storyboard;
			sourceTree = "<group>";
		};
		BA731D911E2A654D0081C018 /* LaunchScreen.storyboard */ = {
			isa = PBXVariantGroup;
			children = (
				BA731D921E2A654D0081C018 /* Base */,
			);
			name = LaunchScreen.storyboard;
			sourceTree = "<group>";
		};
/* End PBXVariantGroup section */

/* Begin XCBuildConfiguration section */
		BA731DAB1E2A654D0081C018 /* Debug */ = {
			isa = XCBuildConfiguration;
			buildSettings = {
				ALWAYS_SEARCH_USER_PATHS = NO;
				CLANG_ANALYZER_NONNULL = YES;
				CLANG_CXX_LANGUAGE_STANDARD = "gnu++0x";
				CLANG_CXX_LIBRARY = "libc++";
				CLANG_ENABLE_MODULES = YES;
				CLANG_ENABLE_OBJC_ARC = YES;
				CLANG_WARN_BOOL_CONVERSION = YES;
				CLANG_WARN_CONSTANT_CONVERSION = YES;
				CLANG_WARN_DIRECT_OBJC_ISA_USAGE = YES_ERROR;
				CLANG_WARN_DOCUMENTATION_COMMENTS = YES;
				CLANG_WARN_EMPTY_BODY = YES;
				CLANG_WARN_ENUM_CONVERSION = YES;
				CLANG_WARN_INFINITE_RECURSION = YES;
				CLANG_WARN_INT_CONVERSION = YES;
				CLANG_WARN_OBJC_ROOT_CLASS = YES_ERROR;
				CLANG_WARN_SUSPICIOUS_MOVE = YES;
				CLANG_WARN_UNREACHABLE_CODE = YES;
				CLANG_WARN__DUPLICATE_METHOD_MATCH = YES;
				"CODE_SIGN_IDENTITY[sdk=iphoneos*]" = "iPhone Developer";
				COPY_PHASE_STRIP = NO;
				DEBUG_INFORMATION_FORMAT = dwarf;
				ENABLE_STRICT_OBJC_MSGSEND = YES;
				ENABLE_TESTABILITY = YES;
				GCC_C_LANGUAGE_STANDARD = gnu99;
				GCC_DYNAMIC_NO_PIC = NO;
				GCC_NO_COMMON_BLOCKS = YES;
				GCC_OPTIMIZATION_LEVEL = 0;
				GCC_PREPROCESSOR_DEFINITIONS = (
					"DEBUG=1",
					"$(inherited)",
				);
				GCC_WARN_64_TO_32_BIT_CONVERSION = YES;
				GCC_WARN_ABOUT_RETURN_TYPE = YES_ERROR;
				GCC_WARN_UNDECLARED_SELECTOR = YES;
				GCC_WARN_UNINITIALIZED_AUTOS = YES_AGGRESSIVE;
				GCC_WARN_UNUSED_FUNCTION = YES;
				GCC_WARN_UNUSED_VARIABLE = YES;
				IPHONEOS_DEPLOYMENT_TARGET = 10.2;
				MTL_ENABLE_DEBUG_INFO = YES;
				ONLY_ACTIVE_ARCH = YES;
				SDKROOT = iphoneos;
				TARGETED_DEVICE_FAMILY = "1,2";
			};
			name = Debug;
		};
		BA731DAC1E2A654D0081C018 /* Release */ = {
			isa = XCBuildConfiguration;
			buildSettings = {
				ALWAYS_SEARCH_USER_PATHS = NO;
				CLANG_ANALYZER_NONNULL = YES;
				CLANG_CXX_LANGUAGE_STANDARD = "gnu++0x";
				CLANG_CXX_LIBRARY = "libc++";
				CLANG_ENABLE_MODULES = YES;
				CLANG_ENABLE_OBJC_ARC = YES;
				CLANG_WARN_BOOL_CONVERSION = YES;
				CLANG_WARN_CONSTANT_CONVERSION = YES;
				CLANG_WARN_DIRECT_OBJC_ISA_USAGE = YES_ERROR;
				CLANG_WARN_DOCUMENTATION_COMMENTS = YES;
				CLANG_WARN_EMPTY_BODY = YES;
				CLANG_WARN_ENUM_CONVERSION = YES;
				CLANG_WARN_INFINITE_RECURSION = YES;
				CLANG_WARN_INT_CONVERSION = YES;
				CLANG_WARN_OBJC_ROOT_CLASS = YES_ERROR;
				CLANG_WARN_SUSPICIOUS_MOVE = YES;
				CLANG_WARN_UNREACHABLE_CODE = YES;
				CLANG_WARN__DUPLICATE_METHOD_MATCH = YES;
				"CODE_SIGN_IDENTITY[sdk=iphoneos*]" = "iPhone Developer";
				COPY_PHASE_STRIP = NO;
				DEBUG_INFORMATION_FORMAT = "dwarf-with-dsym";
				ENABLE_NS_ASSERTIONS = NO;
				ENABLE_STRICT_OBJC_MSGSEND = YES;
				GCC_C_LANGUAGE_STANDARD = gnu99;
				GCC_NO_COMMON_BLOCKS = YES;
				GCC_WARN_64_TO_32_BIT_CONVERSION = YES;
				GCC_WARN_ABOUT_RETURN_TYPE = YES_ERROR;
				GCC_WARN_UNDECLARED_SELECTOR = YES;
				GCC_WARN_UNINITIALIZED_AUTOS = YES_AGGRESSIVE;
				GCC_WARN_UNUSED_FUNCTION = YES;
				GCC_WARN_UNUSED_VARIABLE = YES;
				IPHONEOS_DEPLOYMENT_TARGET = 10.2;
				MTL_ENABLE_DEBUG_INFO = NO;
				SDKROOT = iphoneos;
				TARGETED_DEVICE_FAMILY = "1,2";
				VALIDATE_PRODUCT = YES;
			};
			name = Release;
		};
		BA731DAE1E2A654D0081C018 /* Debug */ = {
			isa = XCBuildConfiguration;
			baseConfigurationReference = 7860A423BB0E56B76887634E /* Pods-Lesson Cocoapods.debug.xcconfig */;
			buildSettings = {
				ASSETCATALOG_COMPILER_APPICON_NAME = AppIcon;
				DEVELOPMENT_TEAM = 5W5GK95Q25;
				INFOPLIST_FILE = "Lesson Cocoapods/Info.plist";
				LD_RUNPATH_SEARCH_PATHS = "$(inherited) @executable_path/Frameworks";
				PRODUCT_BUNDLE_IDENTIFIER = "Allies.Lesson-Cocoapods";
				PRODUCT_NAME = "$(TARGET_NAME)";
			};
			name = Debug;
		};
		BA731DAF1E2A654D0081C018 /* Release */ = {
			isa = XCBuildConfiguration;
			baseConfigurationReference = 291A44B06CE8A1ADDD54669F /* Pods-Lesson Cocoapods.release.xcconfig */;
			buildSettings = {
				ASSETCATALOG_COMPILER_APPICON_NAME = AppIcon;
				DEVELOPMENT_TEAM = 5W5GK95Q25;
				INFOPLIST_FILE = "Lesson Cocoapods/Info.plist";
				LD_RUNPATH_SEARCH_PATHS = "$(inherited) @executable_path/Frameworks";
				PRODUCT_BUNDLE_IDENTIFIER = "Allies.Lesson-Cocoapods";
				PRODUCT_NAME = "$(TARGET_NAME)";
			};
			name = Release;
		};
		BA731DB11E2A654D0081C018 /* Debug */ = {
			isa = XCBuildConfiguration;
			buildSettings = {
				BUNDLE_LOADER = "$(TEST_HOST)";
				DEVELOPMENT_TEAM = 5W5GK95Q25;
				INFOPLIST_FILE = "Lesson CocoapodsTests/Info.plist";
				LD_RUNPATH_SEARCH_PATHS = "$(inherited) @executable_path/Frameworks @loader_path/Frameworks";
				PRODUCT_BUNDLE_IDENTIFIER = "Allies.Lesson-CocoapodsTests";
				PRODUCT_NAME = "$(TARGET_NAME)";
				TEST_HOST = "$(BUILT_PRODUCTS_DIR)/Lesson Cocoapods.app/Lesson Cocoapods";
			};
			name = Debug;
		};
		BA731DB21E2A654D0081C018 /* Release */ = {
			isa = XCBuildConfiguration;
			buildSettings = {
				BUNDLE_LOADER = "$(TEST_HOST)";
				DEVELOPMENT_TEAM = 5W5GK95Q25;
				INFOPLIST_FILE = "Lesson CocoapodsTests/Info.plist";
				LD_RUNPATH_SEARCH_PATHS = "$(inherited) @executable_path/Frameworks @loader_path/Frameworks";
				PRODUCT_BUNDLE_IDENTIFIER = "Allies.Lesson-CocoapodsTests";
				PRODUCT_NAME = "$(TARGET_NAME)";
				TEST_HOST = "$(BUILT_PRODUCTS_DIR)/Lesson Cocoapods.app/Lesson Cocoapods";
			};
			name = Release;
		};
		BA731DB41E2A654D0081C018 /* Debug */ = {
			isa = XCBuildConfiguration;
			buildSettings = {
				DEVELOPMENT_TEAM = 5W5GK95Q25;
				INFOPLIST_FILE = "Lesson CocoapodsUITests/Info.plist";
				LD_RUNPATH_SEARCH_PATHS = "$(inherited) @executable_path/Frameworks @loader_path/Frameworks";
				PRODUCT_BUNDLE_IDENTIFIER = "Allies.Lesson-CocoapodsUITests";
				PRODUCT_NAME = "$(TARGET_NAME)";
				TEST_TARGET_NAME = "Lesson Cocoapods";
			};
			name = Debug;
		};
		BA731DB51E2A654D0081C018 /* Release */ = {
			isa = XCBuildConfiguration;
			buildSettings = {
				DEVELOPMENT_TEAM = 5W5GK95Q25;
				INFOPLIST_FILE = "Lesson CocoapodsUITests/Info.plist";
				LD_RUNPATH_SEARCH_PATHS = "$(inherited) @executable_path/Frameworks @loader_path/Frameworks";
				PRODUCT_BUNDLE_IDENTIFIER = "Allies.Lesson-CocoapodsUITests";
				PRODUCT_NAME = "$(TARGET_NAME)";
				TEST_TARGET_NAME = "Lesson Cocoapods";
			};
			name = Release;
		};
/* End XCBuildConfiguration section */

/* Begin XCConfigurationList section */
		BA731D7B1E2A654D0081C018 /* Build configuration list for PBXProject "Lesson Cocoapods" */ = {
			isa = XCConfigurationList;
			buildConfigurations = (
				BA731DAB1E2A654D0081C018 /* Debug */,
				BA731DAC1E2A654D0081C018 /* Release */,
			);
			defaultConfigurationIsVisible = 0;
			defaultConfigurationName = Release;
		};
		BA731DAD1E2A654D0081C018 /* Build configuration list for PBXNativeTarget "Lesson Cocoapods" */ = {
			isa = XCConfigurationList;
			buildConfigurations = (
				BA731DAE1E2A654D0081C018 /* Debug */,
				BA731DAF1E2A654D0081C018 /* Release */,
			);
			defaultConfigurationIsVisible = 0;
		};
		BA731DB01E2A654D0081C018 /* Build configuration list for PBXNativeTarget "Lesson CocoapodsTests" */ = {
			isa = XCConfigurationList;
			buildConfigurations = (
				BA731DB11E2A654D0081C018 /* Debug */,
				BA731DB21E2A654D0081C018 /* Release */,
			);
			defaultConfigurationIsVisible = 0;
		};
		BA731DB31E2A654D0081C018 /* Build configuration list for PBXNativeTarget "Lesson CocoapodsUITests" */ = {
			isa = XCConfigurationList;
			buildConfigurations = (
				BA731DB41E2A654D0081C018 /* Debug */,
				BA731DB51E2A654D0081C018 /* Release */,
			);
			defaultConfigurationIsVisible = 0;
		};
/* End XCConfigurationList section */
	};
	rootObject = BA731D781E2A654D0081C018 /* Project object */;
}
